
Microsoft Visual Studio Solution File, Format Version 12.00
# Visual Studio Version 17
VisualStudioVersion = 17.0.31903.59
MinimumVisualStudioVersion = 10.0.40219.1
Project("{FAE04EC0-301F-11D3-BF4B-00C04F79EFBC}") = "Nefe.PluginCore", "Nefe.PluginCore\Nefe.PluginCore.csproj", "{35815D5C-BE90-4642-B7B2-C80406DEB7E0}"
EndProject
Project("{2150E333-8FDC-42A3-9474-1A3956D46DE8}") = "Unit", "Unit", "{B9995431-2CD8-4436-81CF-0F5B528B2718}"
EndProject
Project("{2150E333-8FDC-42A3-9474-1A3956D46DE8}") = "Test", "Test", "{89C9AE30-9772-425B-ADCF-40150143AA6C}"
EndProject
Project("{FAE04EC0-301F-11D3-BF4B-00C04F79EFBC}") = "Nefe.PluginCore.Unit.Test.App", "Unit\Test\App\Nefe.PluginCore.Unit.Test.App.csproj", "{CEEC610A-033E-4EC6-A33B-AEF053433C64}"
EndProject
Project("{FAE04EC0-301F-11D3-BF4B-00C04F79EFBC}") = "Nefe.PluginCore.Unit.Test.Interface", "Unit\Test\Interface\Nefe.PluginCore.Unit.Test.Interface.csproj", "{1545FA73-A84D-4CCD-8B96-DF50ACA6C594}"
EndProject
Project("{FAE04EC0-301F-11D3-BF4B-00C04F79EFBC}") = "Nefe.PluginCore.Unit.Test.Plugin1", "Unit\Test\Plugin1\Nefe.PluginCore.Unit.Test.Plugin1.csproj", "{C3BEA391-588A-427E-9352-1331ECFF8BC5}"
EndProject
Project("{FAE04EC0-301F-11D3-BF4B-00C04F79EFBC}") = "Nefe.PluginCore.Unit.Test.Plugin2", "Unit\Test\Plugin2\Nefe.PluginCore.Unit.Test.Plugin2.csproj", "{A9C81EBA-0255-424F-871B-D00E7A06E727}"
EndProject
Global
	GlobalSection(SolutionConfigurationPlatforms) = preSolution
		Debug|Any CPU = Debug|Any CPU
		Release|Any CPU = Release|Any CPU
	EndGlobalSection
	GlobalSection(SolutionProperties) = preSolution
		HideSolutionNode = FALSE
	EndGlobalSection
	GlobalSection(ProjectConfigurationPlatforms) = postSolution
		{35815D5C-BE90-4642-B7B2-C80406DEB7E0}.Debug|Any CPU.ActiveCfg = Debug|Any CPU
		{35815D5C-BE90-4642-B7B2-C80406DEB7E0}.Debug|Any CPU.Build.0 = Debug|Any CPU
		{35815D5C-BE90-4642-B7B2-C80406DEB7E0}.Release|Any CPU.ActiveCfg = Release|Any CPU
		{35815D5C-BE90-4642-B7B2-C80406DEB7E0}.Release|Any CPU.Build.0 = Release|Any CPU
		{CEEC610A-033E-4EC6-A33B-AEF053433C64}.Debug|Any CPU.ActiveCfg = Debug|Any CPU
		{CEEC610A-033E-4EC6-A33B-AEF053433C64}.Debug|Any CPU.Build.0 = Debug|Any CPU
		{CEEC610A-033E-4EC6-A33B-AEF053433C64}.Release|Any CPU.ActiveCfg = Release|Any CPU
		{CEEC610A-033E-4EC6-A33B-AEF053433C64}.Release|Any CPU.Build.0 = Release|Any CPU
		{1545FA73-A84D-4CCD-8B96-DF50ACA6C594}.Debug|Any CPU.ActiveCfg = Debug|Any CPU
		{1545FA73-A84D-4CCD-8B96-DF50ACA6C594}.Debug|Any CPU.Build.0 = Debug|Any CPU
		{1545FA73-A84D-4CCD-8B96-DF50ACA6C594}.Release|Any CPU.ActiveCfg = Release|Any CPU
		{1545FA73-A84D-4CCD-8B96-DF50ACA6C594}.Release|Any CPU.Build.0 = Release|Any CPU
		{C3BEA391-588A-427E-9352-1331ECFF8BC5}.Debug|Any CPU.ActiveCfg = Debug|Any CPU
		{C3BEA391-588A-427E-9352-1331ECFF8BC5}.Debug|Any CPU.Build.0 = Debug|Any CPU
		{C3BEA391-588A-427E-9352-1331ECFF8BC5}.Release|Any CPU.ActiveCfg = Release|Any CPU
		{C3BEA391-588A-427E-9352-1331ECFF8BC5}.Release|Any CPU.Build.0 = Release|Any CPU
		{A9C81EBA-0255-424F-871B-D00E7A06E727}.Debug|Any CPU.ActiveCfg = Debug|Any CPU
		{A9C81EBA-0255-424F-871B-D00E7A06E727}.Debug|Any CPU.Build.0 = Debug|Any CPU
		{A9C81EBA-0255-424F-871B-D00E7A06E727}.Release|Any CPU.ActiveCfg = Release|Any CPU
		{A9C81EBA-0255-424F-871B-D00E7A06E727}.Release|Any CPU.Build.0 = Release|Any CPU
	EndGlobalSection
	GlobalSection(NestedProjects) = preSolution
		{89C9AE30-9772-425B-ADCF-40150143AA6C} = {B9995431-2CD8-4436-81CF-0F5B528B2718}
		{CEEC610A-033E-4EC6-A33B-AEF053433C64} = {89C9AE30-9772-425B-ADCF-40150143AA6C}
		{1545FA73-A84D-4CCD-8B96-DF50ACA6C594} = {89C9AE30-9772-425B-ADCF-40150143AA6C}
		{C3BEA391-588A-427E-9352-1331ECFF8BC5} = {89C9AE30-9772-425B-ADCF-40150143AA6C}
		{A9C81EBA-0255-424F-871B-D00E7A06E727} = {89C9AE30-9772-425B-ADCF-40150143AA6C}
	EndGlobalSection
EndGlobal
